{
  "version": "5",
  "specifiers": {
    "jsr:@std/assert@1": "1.0.19",
    "jsr:@std/internal@^1.0.12": "1.0.13",
    "jsr:@supabase/functions-js@^0.0.0-automated": "0.0.0-jsr-test.1",
    "jsr:@supabase/supabase-js@2": "2.103.0",
    "npm:@supabase/auth-js@2.103.0": "2.103.0",
    "npm:@supabase/postgrest-js@2.103.0": "2.103.0",
    "npm:@supabase/realtime-js@2.103.0": "2.103.0",
    "npm:@supabase/storage-js@2.103.0": "2.103.0"
  },
  "jsr": {
    "@std/assert@1.0.19": {
      "integrity": "eaada96ee120cb980bc47e040f82814d786fe8162ecc53c91d8df60b8755991e",
      "dependencies": [
        "jsr:@std/internal"
      ]
    },
    "@std/internal@1.0.13": {
      "integrity": "2f9546691d4ac2d32859c82dff284aaeac980ddeca38430d07941e7e288725c0"
    },
    "@supabase/functions-js@0.0.0-jsr-test.1": {
      "integrity": "b1b37924af1f0011b4753201e1585a37b030e996c6682492e02575eb27d902b2"
    },
    "@supabase/supabase-js@2.103.0": {
      "integrity": "ad0b49229b4acfbb6fdb0cf32b42c37bd427180d7a413658537f502d3e93f9b8",
      "dependencies": [
        "jsr:@supabase/functions-js",
        "npm:@supabase/auth-js",
        "npm:@supabase/postgrest-js",
        "npm:@supabase/realtime-js",
        "npm:@supabase/storage-js"
      ]
    }
  },
  "npm": {
    "@supabase/auth-js@2.103.0": {
      "integrity": "sha512-6zAanO6c+6gpHOlt5Lb9TlBBkJdZiUWkWCJKAxzkywBDcwaHlLJKXnjQGX6GyVCyKRR1e7sTq4re/yRTH6U/9A==",
      "dependencies": [
        "tslib"
      ]
    },
    "@supabase/phoenix@0.4.2": {
      "integrity": "sha512-YSAGnmDAfuleFCVt3CeurQZAhxRfXWeZIIkwp7NhYzQ1UwW6ePSnzsFAiUm/mbCkfoCf70QQHKW/K6RKh52a4A=="
    },
    "@supabase/postgrest-js@2.103.0": {
      "integrity": "sha512-rC3sRxYdPZymkp2CZR1MiNQgbOleD01bGsW8VxEKRR5nMkLZ1NgAS1QTQf78Wh30czFyk505ZYr9Od8/mWT2TA==",
      "dependencies": [
        "tslib"
      ]
    },
    "@supabase/realtime-js@2.103.0": {
      "integrity": "sha512-gcPtXzZ6izyyBVf2of7K3dEt8CScPJn8VcSlQq6oWL9QoE1kqfQl0oFrOMHd5qrcADewxI7OxxosLB8W4XqtIQ==",
      "dependencies": [
        "@supabase/phoenix",
        "@types/ws",
        "tslib",
        "ws"
      ]
    },
    "@supabase/storage-js@2.103.0": {
      "integrity": "sha512-DHmlvdAXwtOmZNbkIZi4lkobPR3XjIzoOgzoz5duMf6G+sDeY015YrzMJCnqdccuYr7X5x4yYuSwF//RoN2dvQ==",
      "dependencies": [
        "iceberg-js",
        "tslib"
      ]
    },
    "@types/node@25.9.0": {
      "integrity": "sha512-AOQwYUNolgy3VosiRqXrACUXTN8nJUtPl7FJXMqZVyxiiCLhQuG3jXKvCS1ALr+Y2OmZhzzLVlYPEqJaiqkaJQ==",
      "dependencies": [
        "undici-types"
      ]
    },
    "@types/ws@8.18.1": {
      "integrity": "sha512-ThVF6DCVhA8kUGy+aazFQ4kXQ7E1Ty7A3ypFOe0IcJV8O/M511G99AW24irKrW56Wt44yG9+ij8FaqoBGkuBXg==",
      "dependencies": [
        "@types/node"
      ]
    },
    "iceberg-js@0.8.1": {
      "integrity": "sha512-1dhVQZXhcHje7798IVM+xoo/1ZdVfzOMIc8/rgVSijRK38EDqOJoGula9N/8ZI5RD8QTxNQtK/Gozpr+qUqRRA=="
    },
    "tslib@2.8.1": {
      "integrity": "sha512-oJFu94HQb+KVduSUQL7wnpmqnfmLsOA/nAh6b6EH0wCEoK0/mPeXU6c3wKDV83MkOuHPRHtSXKKU99IBazS/2w=="
    },
    "undici-types@7.24.6": {
      "integrity": "sha512-WRNW+sJgj5OBN4/0JpHFqtqzhpbnV0GuB+OozA9gCL7a993SmU+1JBZCzLNxYsbMfIeDL+lTsphD5jN5N+n0zg=="
    },
    "ws@8.20.1": {
      "integrity": "sha512-It4dO0K5v//JtTXuPkfEOaI3uUN87iYPnqo/ZzqCoG3g8uhA66QUMs/SrM0YK7/NAu+r4LMh/9dq2A7k+rHs+w=="
    }
  }
}
